PODS:
  - BSStackView (1.0.0)
  - PureLayout (3.0.2)
  - SDWebImage (4.3.0):
    - SDWebImage/Core (= 4.3.0)
  - SDWebImage/Core (4.3.0)

DEPENDENCIES:
  - BSStackView (~> 1.0)
  - PureLayout (~> 3.0)
  - SDWebImage (~> 4.3)

SPEC CHECKSUMS:
  BSStackView: cda64a4e533bf670e2218bc33f67397b616c03cc
  PureLayout: 4d550abe49a94f24c2808b9b95db9131685fe4cd
  SDWebImage: 6da6c8bca115addc4de8613362e1b15f66333825

PODFILE CHECKSUM: 2fe19dfb133b072026d9bc09bae81a673daf7b0a

COCOAPODS: 1.4.0
