// !$*UTF8*$!
{
	archiveVersion = 1;
	classes = {
	};
	objectVersion = 48;
	objects = {

/* Begin PBXBuildFile section */
		78F56D6D4E061244F78E72D8 /* Pods_Kino.framework in Frameworks */ = {isa = PBXBuildFile; fileRef = C0202C826A996D2957809D2C /* Pods_Kino.framework */; };
		9F28D7171FEC002900714C8F /* NotificationsManager.swift in Sources */ = {isa = PBXBuildFile; fileRef = 9F28D7161FEC002900714C8F /* NotificationsManager.swift */; };
		9F28D7191FEC01B000714C8F /* QuizManager.swift in Sources */ = {isa = PBXBuildFile; fileRef = 9F28D7181FEC01B000714C8F /* QuizManager.swift */; };
		9F28D7241FEFD91200714C8F /* PointCell.swift in Sources */ = {isa = PBXBuildFile; fileRef = 9F28D7221FEFD91200714C8F /* PointCell.swift */; };
		9F28D7251FEFD91200714C8F /* PointCell.xib in Resources */ = {isa = PBXBuildFile; fileRef = 9F28D7231FEFD91200714C8F /* PointCell.xib */; };
		9F28D7291FEFDF0200714C8F /* TabBarVC.swift in Sources */ = {isa = PBXBuildFile; fileRef = 9F28D7271FEFDF0200714C8F /* TabBarVC.swift */; };
		9F28D72A1FEFDF0200714C8F /* TabBarVC.xib in Resources */ = {isa = PBXBuildFile; fileRef = 9F28D7281FEFDF0200714C8F /* TabBarVC.xib */; };
		9F28D72C1FEFE02100714C8F /* PointsVC.xib in Resources */ = {isa = PBXBuildFile; fileRef = 9F28D72B1FEFE02100714C8F /* PointsVC.xib */; };
		9F28D72F1FEFE07D00714C8F /* MapVC.xib in Resources */ = {isa = PBXBuildFile; fileRef = 9F28D72E1FEFE07D00714C8F /* MapVC.xib */; };
		9F29B95120270A5400A2DCFB /* Annotation.swift in Sources */ = {isa = PBXBuildFile; fileRef = 9F29B95020270A5400A2DCFB /* Annotation.swift */; };
		9F9DC4601FE98B560049F28B /* AppDelegate.swift in Sources */ = {isa = PBXBuildFile; fileRef = 9F9DC45F1FE98B560049F28B /* AppDelegate.swift */; };
		9F9DC4621FE98B560049F28B /* PointsVC.swift in Sources */ = {isa = PBXBuildFile; fileRef = 9F9DC4611FE98B560049F28B /* PointsVC.swift */; };
		9F9DC4641FE98B560049F28B /* MapVC.swift in Sources */ = {isa = PBXBuildFile; fileRef = 9F9DC4631FE98B560049F28B /* MapVC.swift */; };
		9F9DC4691FE98B560049F28B /* Assets.xcassets in Resources */ = {isa = PBXBuildFile; fileRef = 9F9DC4681FE98B560049F28B /* Assets.xcassets */; };
		9F9DC46C1FE98B560049F28B /* LaunchScreen.storyboard in Resources */ = {isa = PBXBuildFile; fileRef = 9F9DC46A1FE98B560049F28B /* LaunchScreen.storyboard */; };
		9F9DC4771FE98B560049F28B /* KinoTests.swift in Sources */ = {isa = PBXBuildFile; fileRef = 9F9DC4761FE98B560049F28B /* KinoTests.swift */; };
		9F9DC4821FE98B950049F28B /* LocationManager.swift in Sources */ = {isa = PBXBuildFile; fileRef = 9F9DC4811FE98B950049F28B /* LocationManager.swift */; };
		9F9DC4861FE9BC770049F28B /* Point.swift in Sources */ = {isa = PBXBuildFile; fileRef = 9F9DC4851FE9BC770049F28B /* Point.swift */; };
		9F9DC4881FE9BE3C0049F28B /* PointsFactory.swift in Sources */ = {isa = PBXBuildFile; fileRef = 9F9DC4871FE9BE3C0049F28B /* PointsFactory.swift */; };
		9FC3A9CC203351180076C35C /* Images.xcassets in Resources */ = {isa = PBXBuildFile; fileRef = 9FC3A9CB203351180076C35C /* Images.xcassets */; };
		9FC3A9CE203360540076C35C /* AnnotationView.swift in Sources */ = {isa = PBXBuildFile; fileRef = 9FC3A9CD203360540076C35C /* AnnotationView.swift */; };
/* End PBXBuildFile section */

/* Begin PBXContainerItemProxy section */
		9F9DC4731FE98B560049F28B /* PBXContainerItemProxy */ = {
			isa = PBXContainerItemProxy;
			containerPortal = 9F9DC4541FE98B560049F28B /* Project object */;
			proxyType = 1;
			remoteGlobalIDString = 9F9DC45B1FE98B560049F28B;
			remoteInfo = Kino;
		};
/* End PBXContainerItemProxy section */

/* Begin PBXFileReference section */
		8EA60409F11AA3F8A930A1BC /* Pods-Kino.release.xcconfig */ = {isa = PBXFileReference; includeInIndex = 1; lastKnownFileType = text.xcconfig; name = "Pods-Kino.release.xcconfig"; path = "Pods/Target Support Files/Pods-Kino/Pods-Kino.release.xcconfig"; sourceTree = "<group>"; };
		9F28D7161FEC002900714C8F /* NotificationsManager.swift */ = {isa = PBXFileReference; fileEncoding = 4; lastKnownFileType = sourcecode.swift; path = NotificationsManager.swift; sourceTree = "<group>"; };
		9F28D7181FEC01B000714C8F /* QuizManager.swift */ = {isa = PBXFileReference; lastKnownFileType = sourcecode.swift; path = QuizManager.swift; sourceTree = "<group>"; };
		9F28D7221FEFD91200714C8F /* PointCell.swift */ = {isa = PBXFileReference; lastKnownFileType = sourcecode.swift; path = PointCell.swift; sourceTree = "<group>"; };
		9F28D7231FEFD91200714C8F /* PointCell.xib */ = {isa = PBXFileReference; lastKnownFileType = file.xib; path = PointCell.xib; sourceTree = "<group>"; };
		9F28D7271FEFDF0200714C8F /* TabBarVC.swift */ = {isa = PBXFileReference; lastKnownFileType = sourcecode.swift; path = TabBarVC.swift; sourceTree = "<group>"; };
		9F28D7281FEFDF0200714C8F /* TabBarVC.xib */ = {isa = PBXFileReference; lastKnownFileType = file.xib; path = TabBarVC.xib; sourceTree = "<group>"; };
		9F28D72B1FEFE02100714C8F /* PointsVC.xib */ = {isa = PBXFileReference; lastKnownFileType = file.xib; path = PointsVC.xib; sourceTree = "<group>"; };
		9F28D72E1FEFE07D00714C8F /* MapVC.xib */ = {isa = PBXFileReference; lastKnownFileType = file.xib; path = MapVC.xib; sourceTree = "<group>"; };
		9F29B95020270A5400A2DCFB /* Annotation.swift */ = {isa = PBXFileReference; lastKnownFileType = sourcecode.swift; path = Annotation.swift; sourceTree = "<group>"; };
		9F9DC45C1FE98B560049F28B /* Kino.app */ = {isa = PBXFileReference; explicitFileType = wrapper.application; includeInIndex = 0; path = Kino.app; sourceTree = BUILT_PRODUCTS_DIR; };
		9F9DC45F1FE98B560049F28B /* AppDelegate.swift */ = {isa = PBXFileReference; lastKnownFileType = sourcecode.swift; path = AppDelegate.swift; sourceTree = "<group>"; };
		9F9DC4611FE98B560049F28B /* PointsVC.swift */ = {isa = PBXFileReference; lastKnownFileType = sourcecode.swift; path = PointsVC.swift; sourceTree = "<group>"; };
		9F9DC4631FE98B560049F28B /* MapVC.swift */ = {isa = PBXFileReference; lastKnownFileType = sourcecode.swift; path = MapVC.swift; sourceTree = "<group>"; };
		9F9DC4681FE98B560049F28B /* Assets.xcassets */ = {isa = PBXFileReference; lastKnownFileType = folder.assetcatalog; path = Assets.xcassets; sourceTree = "<group>"; };
		9F9DC46B1FE98B560049F28B /* Base */ = {isa = PBXFileReference; lastKnownFileType = file.storyboard; name = Base; path = Base.lproj/LaunchScreen.storyboard; sourceTree = "<group>"; };
		9F9DC46D1FE98B560049F28B /* Info.plist */ = {isa = PBXFileReference; lastKnownFileType = text.plist.xml; path = Info.plist; sourceTree = "<group>"; };
		9F9DC4721FE98B560049F28B /* KinoTests.xctest */ = {isa = PBXFileReference; explicitFileType = wrapper.cfbundle; includeInIndex = 0; path = KinoTests.xctest; sourceTree = BUILT_PRODUCTS_DIR; };
		9F9DC4761FE98B560049F28B /* KinoTests.swift */ = {isa = PBXFileReference; lastKnownFileType = sourcecode.swift; path = KinoTests.swift; sourceTree = "<group>"; };
		9F9DC4781FE98B560049F28B /* Info.plist */ = {isa = PBXFileReference; lastKnownFileType = text.plist.xml; path = Info.plist; sourceTree = "<group>"; };
		9F9DC4811FE98B950049F28B /* LocationManager.swift */ = {isa = PBXFileReference; lastKnownFileType = sourcecode.swift; path = LocationManager.swift; sourceTree = "<group>"; };
		9F9DC4851FE9BC770049F28B /* Point.swift */ = {isa = PBXFileReference; lastKnownFileType = sourcecode.swift; path = Point.swift; sourceTree = "<group>"; };
		9F9DC4871FE9BE3C0049F28B /* PointsFactory.swift */ = {isa = PBXFileReference; lastKnownFileType = sourcecode.swift; path = PointsFactory.swift; sourceTree = "<group>"; };
		9FC3A9CB203351180076C35C /* Images.xcassets */ = {isa = PBXFileReference; lastKnownFileType = folder.assetcatalog; path = Images.xcassets; sourceTree = "<group>"; };
		9FC3A9CD203360540076C35C /* AnnotationView.swift */ = {isa = PBXFileReference; lastKnownFileType = sourcecode.swift; path = AnnotationView.swift; sourceTree = "<group>"; };
		AA6F59AA1B6F413501F0790E /* Pods-Kino.debug.xcconfig */ = {isa = PBXFileReference; includeInIndex = 1; lastKnownFileType = text.xcconfig; name = "Pods-Kino.debug.xcconfig"; path = "Pods/Target Support Files/Pods-Kino/Pods-Kino.debug.xcconfig"; sourceTree = "<group>"; };
		C0202C826A996D2957809D2C /* Pods_Kino.framework */ = {isa = PBXFileReference; explicitFileType = wrapper.framework; includeInIndex = 0; path = Pods_Kino.framework; sourceTree = BUILT_PRODUCTS_DIR; };
/* End PBXFileReference section */

/* Begin PBXFrameworksBuildPhase section */
		9F9DC4591FE98B560049F28B /* Frameworks */ = {
			isa = PBXFrameworksBuildPhase;
			buildActionMask = 2147483647;
			files = (
				78F56D6D4E061244F78E72D8 /* Pods_Kino.framework in Frameworks */,
			);
			runOnlyForDeploymentPostprocessing = 0;
		};
		9F9DC46F1FE98B560049F28B /* Frameworks */ = {
			isa = PBXFrameworksBuildPhase;
			buildActionMask = 2147483647;
			files = (
			);
			runOnlyForDeploymentPostprocessing = 0;
		};
/* End PBXFrameworksBuildPhase section */

/* Begin PBXGroup section */
		9F28D7211FEFD80900714C8F /* PointsList */ = {
			isa = PBXGroup;
			children = (
				9F9DC4851FE9BC770049F28B /* Point.swift */,
				9F9DC4871FE9BE3C0049F28B /* PointsFactory.swift */,
				9F9DC4611FE98B560049F28B /* PointsVC.swift */,
				9F28D72B1FEFE02100714C8F /* PointsVC.xib */,
				9F28D7221FEFD91200714C8F /* PointCell.swift */,
				9F28D7231FEFD91200714C8F /* PointCell.xib */,
			);
			path = PointsList;
			sourceTree = "<group>";
		};
		9F28D7261FEFDE7B00714C8F /* TabBar */ = {
			isa = PBXGroup;
			children = (
				9F28D7271FEFDF0200714C8F /* TabBarVC.swift */,
				9F28D7281FEFDF0200714C8F /* TabBarVC.xib */,
			);
			path = TabBar;
			sourceTree = "<group>";
		};
		9F28D72D1FEFE06B00714C8F /* MapVC */ = {
			isa = PBXGroup;
			children = (
				9F9DC4631FE98B560049F28B /* MapVC.swift */,
				9F28D72E1FEFE07D00714C8F /* MapVC.xib */,
				9F29B95020270A5400A2DCFB /* Annotation.swift */,
				9FC3A9CD203360540076C35C /* AnnotationView.swift */,
			);
			path = MapVC;
			sourceTree = "<group>";
		};
		9F9DC4531FE98B560049F28B = {
			isa = PBXGroup;
			children = (
				9F9DC45E1FE98B560049F28B /* Kino */,
				9F9DC4751FE98B560049F28B /* KinoTests */,
				9F9DC45D1FE98B560049F28B /* Products */,
				E06CB3890094CCCD83310AEC /* Pods */,
				9F9E8A802A379FAB98900134 /* Frameworks */,
			);
			sourceTree = "<group>";
		};
		9F9DC45D1FE98B560049F28B /* Products */ = {
			isa = PBXGroup;
			children = (
				9F9DC45C1FE98B560049F28B /* Kino.app */,
				9F9DC4721FE98B560049F28B /* KinoTests.xctest */,
			);
			name = Products;
			sourceTree = "<group>";
		};
		9F9DC45E1FE98B560049F28B /* Kino */ = {
			isa = PBXGroup;
			children = (
				9F28D72D1FEFE06B00714C8F /* MapVC */,
				9F28D7261FEFDE7B00714C8F /* TabBar */,
				9F28D7211FEFD80900714C8F /* PointsList */,
				9F9DC45F1FE98B560049F28B /* AppDelegate.swift */,
				9F9DC4681FE98B560049F28B /* Assets.xcassets */,
				9F9DC46A1FE98B560049F28B /* LaunchScreen.storyboard */,
				9F9DC46D1FE98B560049F28B /* Info.plist */,
				9F9DC4811FE98B950049F28B /* LocationManager.swift */,
				9F28D7161FEC002900714C8F /* NotificationsManager.swift */,
				9F28D7181FEC01B000714C8F /* QuizManager.swift */,
				9FC3A9CB203351180076C35C /* Images.xcassets */,
			);
			path = Kino;
			sourceTree = "<group>";
		};
		9F9DC4751FE98B560049F28B /* KinoTests */ = {
			isa = PBXGroup;
			children = (
				9F9DC4761FE98B560049F28B /* KinoTests.swift */,
				9F9DC4781FE98B560049F28B /* Info.plist */,
			);
			path = KinoTests;
			sourceTree = "<group>";
		};
		9F9E8A802A379FAB98900134 /* Frameworks */ = {
			isa = PBXGroup;
			children = (
				C0202C826A996D2957809D2C /* Pods_Kino.framework */,
			);
			name = Frameworks;
			sourceTree = "<group>";
		};
		E06CB3890094CCCD83310AEC /* Pods */ = {
			isa = PBXGroup;
			children = (
				AA6F59AA1B6F413501F0790E /* Pods-Kino.debug.xcconfig */,
				8EA60409F11AA3F8A930A1BC /* Pods-Kino.release.xcconfig */,
			);
			name = Pods;
			sourceTree = "<group>";
		};
/* End PBXGroup section */

/* Begin PBXNativeTarget section */
		9F9DC45B1FE98B560049F28B /* Kino */ = {
			isa = PBXNativeTarget;
			buildConfigurationList = 9F9DC47B1FE98B560049F28B /* Build configuration list for PBXNativeTarget "Kino" */;
			buildPhases = (
				0312E230E90D3860748E5727 /* [CP] Check Pods Manifest.lock */,
				9F9DC4581FE98B560049F28B /* Sources */,
				9F9DC4591FE98B560049F28B /* Frameworks */,
				9F9DC45A1FE98B560049F28B /* Resources */,
				5FC25BA68AE81850773D95D5 /* [CP] Embed Pods Frameworks */,
				08F24B43D5BFEA4744CD1D9A /* [CP] Copy Pods Resources */,
			);
			buildRules = (
			);
			dependencies = (
			);
			name = Kino;
			productName = Kino;
			productReference = 9F9DC45C1FE98B560049F28B /* Kino.app */;
			productType = "com.apple.product-type.application";
		};
		9F9DC4711FE98B560049F28B /* KinoTests */ = {
			isa = PBXNativeTarget;
			buildConfigurationList = 9F9DC47E1FE98B560049F28B /* Build configuration list for PBXNativeTarget "KinoTests" */;
			buildPhases = (
				9F9DC46E1FE98B560049F28B /* Sources */,
				9F9DC46F1FE98B560049F28B /* Frameworks */,
				9F9DC4701FE98B560049F28B /* Resources */,
			);
			buildRules = (
			);
			dependencies = (
				9F9DC4741FE98B560049F28B /* PBXTargetDependency */,
			);
			name = KinoTests;
			productName = KinoTests;
			productReference = 9F9DC4721FE98B560049F28B /* KinoTests.xctest */;
			productType = "com.apple.product-type.bundle.unit-test";
		};
/* End PBXNativeTarget section */

/* Begin PBXProject section */
		9F9DC4541FE98B560049F28B /* Project object */ = {
			isa = PBXProject;
			attributes = {
				LastSwiftUpdateCheck = 0920;
				LastUpgradeCheck = 0920;
				ORGANIZATIONNAME = "Anton Chebotov";
				TargetAttributes = {
					9F9DC45B1FE98B560049F28B = {
						CreatedOnToolsVersion = 9.2;
						ProvisioningStyle = Automatic;
						SystemCapabilities = {
							com.apple.BackgroundModes = {
								enabled = 1;
							};
						};
					};
					9F9DC4711FE98B560049F28B = {
						CreatedOnToolsVersion = 9.2;
						ProvisioningStyle = Automatic;
						TestTargetID = 9F9DC45B1FE98B560049F28B;
					};
				};
			};
			buildConfigurationList = 9F9DC4571FE98B560049F28B /* Build configuration list for PBXProject "Kino" */;
			compatibilityVersion = "Xcode 8.0";
			developmentRegion = en;
			hasScannedForEncodings = 0;
			knownRegions = (
				en,
				Base,
			);
			mainGroup = 9F9DC4531FE98B560049F28B;
			productRefGroup = 9F9DC45D1FE98B560049F28B /* Products */;
			projectDirPath = "";
			projectRoot = "";
			targets = (
				9F9DC45B1FE98B560049F28B /* Kino */,
				9F9DC4711FE98B560049F28B /* KinoTests */,
			);
		};
/* End PBXProject section */

/* Begin PBXResourcesBuildPhase section */
		9F9DC45A1FE98B560049F28B /* Resources */ = {
			isa = PBXResourcesBuildPhase;
			buildActionMask = 2147483647;
			files = (
				9F28D7251FEFD91200714C8F /* PointCell.xib in Resources */,
				9F28D72F1FEFE07D00714C8F /* MapVC.xib in Resources */,
				9FC3A9CC203351180076C35C /* Images.xcassets in Resources */,
				9F9DC46C1FE98B560049F28B /* LaunchScreen.storyboard in Resources */,
				9F28D72A1FEFDF0200714C8F /* TabBarVC.xib in Resources */,
				9F28D72C1FEFE02100714C8F /* PointsVC.xib in Resources */,
				9F9DC4691FE98B560049F28B /* Assets.xcassets in Resources */,
			);
			runOnlyForDeploymentPostprocessing = 0;
		};
		9F9DC4701FE98B560049F28B /* Resources */ = {
			isa = PBXResourcesBuildPhase;
			buildActionMask = 2147483647;
			files = (
			);
			runOnlyForDeploymentPostprocessing = 0;
		};
/* End PBXResourcesBuildPhase section */

/* Begin PBXShellScriptBuildPhase section */
		0312E230E90D3860748E5727 /* [CP] Check Pods Manifest.lock */ = {
			isa = PBXShellScriptBuildPhase;
			buildActionMask = 2147483647;
			files = (
			);
			inputPaths = (
				"${PODS_PODFILE_DIR_PATH}/Podfile.lock",
				"${PODS_ROOT}/Manifest.lock",
			);
			name = "[CP] Check Pods Manifest.lock";
			outputPaths = (
				"$(DERIVED_FILE_DIR)/Pods-Kino-checkManifestLockResult.txt",
			);
			runOnlyForDeploymentPostprocessing = 0;
			shellPath = /bin/sh;
			shellScript = "diff \"${PODS_PODFILE_DIR_PATH}/Podfile.lock\" \"${PODS_ROOT}/Manifest.lock\" > /dev/null\nif [ $? != 0 ] ; then\n    # print error to STDERR\n    echo \"error: The sandbox is not in sync with the Podfile.lock. Run 'pod install' or update your CocoaPods installation.\" >&2\n    exit 1\nfi\n# This output is used by Xcode 'outputs' to avoid re-running this script phase.\necho \"SUCCESS\" > \"${SCRIPT_OUTPUT_FILE_0}\"\n";
			showEnvVarsInLog = 0;
		};
		08F24B43D5BFEA4744CD1D9A /* [CP] Copy Pods Resources */ = {
			isa = PBXShellScriptBuildPhase;
			buildActionMask = 2147483647;
			files = (
			);
			inputPaths = (
			);
			name = "[CP] Copy Pods Resources";
			outputPaths = (
			);
			runOnlyForDeploymentPostprocessing = 0;
			shellPath = /bin/sh;
			shellScript = "\"${SRCROOT}/Pods/Target Support Files/Pods-Kino/Pods-Kino-resources.sh\"\n";
			showEnvVarsInLog = 0;
		};
		5FC25BA68AE81850773D95D5 /* [CP] Embed Pods Frameworks */ = {
			isa = PBXShellScriptBuildPhase;
			buildActionMask = 2147483647;
			files = (
			);
			inputPaths = (
				"${SRCROOT}/Pods/Target Support Files/Pods-Kino/Pods-Kino-frameworks.sh",
				"${BUILT_PRODUCTS_DIR}/PureLayout/PureLayout.framework",
				"${BUILT_PRODUCTS_DIR}/SDWebImage/SDWebImage.framework",
			);
			name = "[CP] Embed Pods Frameworks";
			outputPaths = (
				"${TARGET_BUILD_DIR}/${FRAMEWORKS_FOLDER_PATH}/PureLayout.framework",
				"${TARGET_BUILD_DIR}/${FRAMEWORKS_FOLDER_PATH}/SDWebImage.framework",
			);
			runOnlyForDeploymentPostprocessing = 0;
			shellPath = /bin/sh;
			shellScript = "\"${SRCROOT}/Pods/Target Support Files/Pods-Kino/Pods-Kino-frameworks.sh\"\n";
			showEnvVarsInLog = 0;
		};
/* End PBXShellScriptBuildPhase section */

/* Begin PBXSourcesBuildPhase section */
		9F9DC4581FE98B560049F28B /* Sources */ = {
			isa = PBXSourcesBuildPhase;
			buildActionMask = 2147483647;
			files = (
				9F28D7191FEC01B000714C8F /* QuizManager.swift in Sources */,
				9FC3A9CE203360540076C35C /* AnnotationView.swift in Sources */,
				9F28D7241FEFD91200714C8F /* PointCell.swift in Sources */,
				9F28D7291FEFDF0200714C8F /* TabBarVC.swift in Sources */,
				9F9DC4821FE98B950049F28B /* LocationManager.swift in Sources */,
				9F28D7171FEC002900714C8F /* NotificationsManager.swift in Sources */,
				9F9DC4881FE9BE3C0049F28B /* PointsFactory.swift in Sources */,
				9F9DC4861FE9BC770049F28B /* Point.swift in Sources */,
				9F9DC4641FE98B560049F28B /* MapVC.swift in Sources */,
				9F9DC4601FE98B560049F28B /* AppDelegate.swift in Sources */,
				9F29B95120270A5400A2DCFB /* Annotation.swift in Sources */,
				9F9DC4621FE98B560049F28B /* PointsVC.swift in Sources */,
			);
			runOnlyForDeploymentPostprocessing = 0;
		};
		9F9DC46E1FE98B560049F28B /* Sources */ = {
			isa = PBXSourcesBuildPhase;
			buildActionMask = 2147483647;
			files = (
				9F9DC4771FE98B560049F28B /* KinoTests.swift in Sources */,
			);
			runOnlyForDeploymentPostprocessing = 0;
		};
/* End PBXSourcesBuildPhase section */

/* Begin PBXTargetDependency section */
		9F9DC4741FE98B560049F28B /* PBXTargetDependency */ = {
			isa = PBXTargetDependency;
			target = 9F9DC45B1FE98B560049F28B /* Kino */;
			targetProxy = 9F9DC4731FE98B560049F28B /* PBXContainerItemProxy */;
		};
/* End PBXTargetDependency section */

/* Begin PBXVariantGroup section */
		9F9DC46A1FE98B560049F28B /* LaunchScreen.storyboard */ = {
			isa = PBXVariantGroup;
			children = (
				9F9DC46B1FE98B560049F28B /* Base */,
			);
			name = LaunchScreen.storyboard;
			sourceTree = "<group>";
		};
/* End PBXVariantGroup section */

/* Begin XCBuildConfiguration section */
		9F9DC4791FE98B560049F28B /* Debug */ = {
			isa = XCBuildConfiguration;
			buildSettings = {
				ALWAYS_SEARCH_USER_PATHS = NO;
				CLANG_ANALYZER_NONNULL = YES;
				CLANG_ANALYZER_NUMBER_OBJECT_CONVERSION = YES_AGGRESSIVE;
				CLANG_CXX_LANGUAGE_STANDARD = "gnu++14";
				CLANG_CXX_LIBRARY = "libc++";
				CLANG_ENABLE_MODULES = YES;
				CLANG_ENABLE_OBJC_ARC = YES;
				CLANG_WARN_BLOCK_CAPTURE_AUTORELEASING = YES;
				CLANG_WARN_BOOL_CONVERSION = YES;
				CLANG_WARN_COMMA = YES;
				CLANG_WARN_CONSTANT_CONVERSION = YES;
				CLANG_WARN_DIRECT_OBJC_ISA_USAGE = YES_ERROR;
				CLANG_WARN_DOCUMENTATION_COMMENTS = YES;
				CLANG_WARN_EMPTY_BODY = YES;
				CLANG_WARN_ENUM_CONVERSION = YES;
				CLANG_WARN_INFINITE_RECURSION = YES;
				CLANG_WARN_INT_CONVERSION = YES;
				CLANG_WARN_NON_LITERAL_NULL_CONVERSION = YES;
				CLANG_WARN_OBJC_LITERAL_CONVERSION = YES;
				CLANG_WARN_OBJC_ROOT_CLASS = YES_ERROR;
				CLANG_WARN_RANGE_LOOP_ANALYSIS = YES;
				CLANG_WARN_STRICT_PROTOTYPES = YES;
				CLANG_WARN_SUSPICIOUS_MOVE = YES;
				CLANG_WARN_UNGUARDED_AVAILABILITY = YES_AGGRESSIVE;
				CLANG_WARN_UNREACHABLE_CODE = YES;
				CLANG_WARN__DUPLICATE_METHOD_MATCH = YES;
				CODE_SIGN_IDENTITY = "iPhone Developer";
				COPY_PHASE_STRIP = NO;
				DEBUG_INFORMATION_FORMAT = dwarf;
				ENABLE_STRICT_OBJC_MSGSEND = YES;
				ENABLE_TESTABILITY = YES;
				GCC_C_LANGUAGE_STANDARD = gnu11;
				GCC_DYNAMIC_NO_PIC = NO;
				GCC_NO_COMMON_BLOCKS = YES;
				GCC_OPTIMIZATION_LEVEL = 0;
				GCC_PREPROCESSOR_DEFINITIONS = (
					"DEBUG=1",
					"$(inherited)",
				);
				GCC_WARN_64_TO_32_BIT_CONVERSION = YES;
				GCC_WARN_ABOUT_RETURN_TYPE = YES_ERROR;
				GCC_WARN_UNDECLARED_SELECTOR = YES;
				GCC_WARN_UNINITIALIZED_AUTOS = YES_AGGRESSIVE;
				GCC_WARN_UNUSED_FUNCTION = YES;
				GCC_WARN_UNUSED_VARIABLE = YES;
				IPHONEOS_DEPLOYMENT_TARGET = 11.2;
				MTL_ENABLE_DEBUG_INFO = YES;
				ONLY_ACTIVE_ARCH = YES;
				SDKROOT = iphoneos;
				SWIFT_ACTIVE_COMPILATION_CONDITIONS = DEBUG;
				SWIFT_OPTIMIZATION_LEVEL = "-Onone";
			};
			name = Debug;
		};
		9F9DC47A1FE98B560049F28B /* Release */ = {
			isa = XCBuildConfiguration;
			buildSettings = {
				ALWAYS_SEARCH_USER_PATHS = NO;
				CLANG_ANALYZER_NONNULL = YES;
				CLANG_ANALYZER_NUMBER_OBJECT_CONVERSION = YES_AGGRESSIVE;
				CLANG_CXX_LANGUAGE_STANDARD = "gnu++14";
				CLANG_CXX_LIBRARY = "libc++";
				CLANG_ENABLE_MODULES = YES;
				CLANG_ENABLE_OBJC_ARC = YES;
				CLANG_WARN_BLOCK_CAPTURE_AUTORELEASING = YES;
				CLANG_WARN_BOOL_CONVERSION = YES;
				CLANG_WARN_COMMA = YES;
				CLANG_WARN_CONSTANT_CONVERSION = YES;
				CLANG_WARN_DIRECT_OBJC_ISA_USAGE = YES_ERROR;
				CLANG_WARN_DOCUMENTATION_COMMENTS = YES;
				CLANG_WARN_EMPTY_BODY = YES;
				CLANG_WARN_ENUM_CONVERSION = YES;
				CLANG_WARN_INFINITE_RECURSION = YES;
				CLANG_WARN_INT_CONVERSION = YES;
				CLANG_WARN_NON_LITERAL_NULL_CONVERSION = YES;
				CLANG_WARN_OBJC_LITERAL_CONVERSION = YES;
				CLANG_WARN_OBJC_ROOT_CLASS = YES_ERROR;
				CLANG_WARN_RANGE_LOOP_ANALYSIS = YES;
				CLANG_WARN_STRICT_PROTOTYPES = YES;
				CLANG_WARN_SUSPICIOUS_MOVE = YES;
				CLANG_WARN_UNGUARDED_AVAILABILITY = YES_AGGRESSIVE;
				CLANG_WARN_UNREACHABLE_CODE = YES;
				CLANG_WARN__DUPLICATE_METHOD_MATCH = YES;
				CODE_SIGN_IDENTITY = "iPhone Developer";
				COPY_PHASE_STRIP = NO;
				DEBUG_INFORMATION_FORMAT = "dwarf-with-dsym";
				ENABLE_NS_ASSERTIONS = NO;
				ENABLE_STRICT_OBJC_MSGSEND = YES;
				GCC_C_LANGUAGE_STANDARD = gnu11;
				GCC_NO_COMMON_BLOCKS = YES;
				GCC_WARN_64_TO_32_BIT_CONVERSION = YES;
				GCC_WARN_ABOUT_RETURN_TYPE = YES_ERROR;
				GCC_WARN_UNDECLARED_SELECTOR = YES;
				GCC_WARN_UNINITIALIZED_AUTOS = YES_AGGRESSIVE;
				GCC_WARN_UNUSED_FUNCTION = YES;
				GCC_WARN_UNUSED_VARIABLE = YES;
				IPHONEOS_DEPLOYMENT_TARGET = 11.2;
				MTL_ENABLE_DEBUG_INFO = NO;
				SDKROOT = iphoneos;
				SWIFT_OPTIMIZATION_LEVEL = "-Owholemodule";
				VALIDATE_PRODUCT = YES;
			};
			name = Release;
		};
		9F9DC47C1FE98B560049F28B /* Debug */ = {
			isa = XCBuildConfiguration;
			baseConfigurationReference = AA6F59AA1B6F413501F0790E /* Pods-Kino.debug.xcconfig */;
			buildSettings = {
				ASSETCATALOG_COMPILER_APPICON_NAME = AppIcon;
				CODE_SIGN_STYLE = Automatic;
				DEVELOPMENT_TEAM = V8KA9F2NHU;
				INFOPLIST_FILE = Kino/Info.plist;
				IPHONEOS_DEPLOYMENT_TARGET = 11.0;
				LD_RUNPATH_SEARCH_PATHS = "$(inherited) @executable_path/Frameworks";
				PRODUCT_BUNDLE_IDENTIFIER = NicheMarket.Kino;
				PRODUCT_NAME = "$(TARGET_NAME)";
				SWIFT_VERSION = 4.0;
				TARGETED_DEVICE_FAMILY = "1,2";
			};
			name = Debug;
		};
		9F9DC47D1FE98B560049F28B /* Release */ = {
			isa = XCBuildConfiguration;
			baseConfigurationReference = 8EA60409F11AA3F8A930A1BC /* Pods-Kino.release.xcconfig */;
			buildSettings = {
				ASSETCATALOG_COMPILER_APPICON_NAME = AppIcon;
				CODE_SIGN_STYLE = Automatic;
				DEVELOPMENT_TEAM = V8KA9F2NHU;
				INFOPLIST_FILE = Kino/Info.plist;
				IPHONEOS_DEPLOYMENT_TARGET = 11.0;
				LD_RUNPATH_SEARCH_PATHS = "$(inherited) @executable_path/Frameworks";
				PRODUCT_BUNDLE_IDENTIFIER = NicheMarket.Kino;
				PRODUCT_NAME = "$(TARGET_NAME)";
				SWIFT_VERSION = 4.0;
				TARGETED_DEVICE_FAMILY = "1,2";
			};
			name = Release;
		};
		9F9DC47F1FE98B560049F28B /* Debug */ = {
			isa = XCBuildConfiguration;
			buildSettings = {
				ALWAYS_EMBED_SWIFT_STANDARD_LIBRARIES = YES;
				BUNDLE_LOADER = "$(TEST_HOST)";
				CODE_SIGN_STYLE = Automatic;
				DEVELOPMENT_TEAM = V8KA9F2NHU;
				INFOPLIST_FILE = KinoTests/Info.plist;
				LD_RUNPATH_SEARCH_PATHS = "$(inherited) @executable_path/Frameworks @loader_path/Frameworks";
				PRODUCT_BUNDLE_IDENTIFIER = NicheMarket.KinoTests;
				PRODUCT_NAME = "$(TARGET_NAME)";
				SWIFT_VERSION = 4.0;
				TARGETED_DEVICE_FAMILY = "1,2";
				TEST_HOST = "$(BUILT_PRODUCTS_DIR)/Kino.app/Kino";
			};
			name = Debug;
		};
		9F9DC4801FE98B560049F28B /* Release */ = {
			isa = XCBuildConfiguration;
			buildSettings = {
				ALWAYS_EMBED_SWIFT_STANDARD_LIBRARIES = YES;
				BUNDLE_LOADER = "$(TEST_HOST)";
				CODE_SIGN_STYLE = Automatic;
				DEVELOPMENT_TEAM = V8KA9F2NHU;
				INFOPLIST_FILE = KinoTests/Info.plist;
				LD_RUNPATH_SEARCH_PATHS = "$(inherited) @executable_path/Frameworks @loader_path/Frameworks";
				PRODUCT_BUNDLE_IDENTIFIER = NicheMarket.KinoTests;
				PRODUCT_NAME = "$(TARGET_NAME)";
				SWIFT_VERSION = 4.0;
				TARGETED_DEVICE_FAMILY = "1,2";
				TEST_HOST = "$(BUILT_PRODUCTS_DIR)/Kino.app/Kino";
			};
			name = Release;
		};
/* End XCBuildConfiguration section */

/* Begin XCConfigurationList section */
		9F9DC4571FE98B560049F28B /* Build configuration list for PBXProject "Kino" */ = {
			isa = XCConfigurationList;
			buildConfigurations = (
				9F9DC4791FE98B560049F28B /* Debug */,
				9F9DC47A1FE98B560049F28B /* Release */,
			);
			defaultConfigurationIsVisible = 0;
			defaultConfigurationName = Release;
		};
		9F9DC47B1FE98B560049F28B /* Build configuration list for PBXNativeTarget "Kino" */ = {
			isa = XCConfigurationList;
			buildConfigurations = (
				9F9DC47C1FE98B560049F28B /* Debug */,
				9F9DC47D1FE98B560049F28B /* Release */,
			);
			defaultConfigurationIsVisible = 0;
			defaultConfigurationName = Release;
		};
		9F9DC47E1FE98B560049F28B /* Build configuration list for PBXNativeTarget "KinoTests" */ = {
			isa = XCConfigurationList;
			buildConfigurations = (
				9F9DC47F1FE98B560049F28B /* Debug */,
				9F9DC4801FE98B560049F28B /* Release */,
			);
			defaultConfigurationIsVisible = 0;
			defaultConfigurationName = Release;
		};
/* End XCConfigurationList section */
	};
	rootObject = 9F9DC4541FE98B560049F28B /* Project object */;
}
